
Microsoft Visual Studio Solution File, Format Version 12.00
# Visual Studio Version 17
VisualStudioVersion = 17.4.33213.308
MinimumVisualStudioVersion = 10.0.40219.1
Project("{9A19103F-16F7-4668-BE54-9A1E7A4F7556}") = "001", "001\001.csproj", "{9A0B59EB-BFED-4B07-A3D0-637D5515F7E9}"
EndProject
Project("{9A19103F-16F7-4668-BE54-9A1E7A4F7556}") = "002", "002\002.csproj", "{2A93FAEE-44A1-414B-A217-52D71EC94926}"
EndProject
Project("{9A19103F-16F7-4668-BE54-9A1E7A4F7556}") = "003", "003\003.csproj", "{4B046CBC-8855-4499-8090-24B14668DA91}"
EndProject
Project("{9A19103F-16F7-4668-BE54-9A1E7A4F7556}") = "004", "004\004.csproj", "{CCF0A018-6F60-46BC-A5CE-8C060347004B}"
EndProject
Project("{9A19103F-16F7-4668-BE54-9A1E7A4F7556}") = "005", "005\005.csproj", "{9AF6F4BB-7285-40EF-BE36-48F9F49C3B2B}"
EndProject
Project("{9A19103F-16F7-4668-BE54-9A1E7A4F7556}") = "SaolaProblem", "SaolaProblem\SaolaProblem.csproj", "{4173DCF9-EC64-4BD5-9034-97CA01AF11F1}"
EndProject
Project("{9A19103F-16F7-4668-BE54-9A1E7A4F7556}") = "006", "006\006.csproj", "{CB1A9DB9-BD70-4B58-B917-1BF33382E788}"
EndProject
Project("{9A19103F-16F7-4668-BE54-9A1E7A4F7556}") = "007", "007\007.csproj", "{247EC76A-EA5D-4372-81D5-C37A273F1DDA}"
EndProject
Project("{9A19103F-16F7-4668-BE54-9A1E7A4F7556}") = "008", "008\008.csproj", "{AA7C7B0B-E9B3-4431-8C74-0C0A6ECC5791}"
EndProject
Project("{2150E333-8FDC-42A3-9474-1A3956D46DE8}") = "000-100", "000-100", "{C342EDB0-7ECC-482B-99E0-1ACEA0BF70F5}"
EndProject
Project("{2150E333-8FDC-42A3-9474-1A3956D46DE8}") = "Random", "Random", "{639FAF04-DA78-4FE1-AA24-1AE63877B7B3}"
EndProject
Project("{9A19103F-16F7-4668-BE54-9A1E7A4F7556}") = "008_alternate", "008_alternate\008_alternate.csproj", "{9A691D98-FED9-458B-9A49-13F12F18BBE1}"
EndProject
Project("{FAE04EC0-301F-11D3-BF4B-00C04F79EFBC}") = "009", "009\009.csproj", "{2A8296CD-8494-4F78-9F4D-7302BFAEBD6F}"
EndProject
Project("{FAE04EC0-301F-11D3-BF4B-00C04F79EFBC}") = "010", "010\010.csproj", "{D08D016B-4271-46EF-8990-292AE9F3A142}"
EndProject
Project("{FAE04EC0-301F-11D3-BF4B-00C04F79EFBC}") = "EulerLib", "EulerLib\EulerLib.csproj", "{633C7B98-8F8E-43DD-8B5D-5CDD7CC056D2}"
EndProject
Project("{FAE04EC0-301F-11D3-BF4B-00C04F79EFBC}") = "011", "011\011.csproj", "{23C2C494-E621-4000-B074-BBB537F42304}"
EndProject
Project("{FAE04EC0-301F-11D3-BF4B-00C04F79EFBC}") = "012", "012\012.csproj", "{FD54CCCA-2405-4AF5-A2CB-BC04977B7272}"
EndProject
Project("{FAE04EC0-301F-11D3-BF4B-00C04F79EFBC}") = "013", "013\013.csproj", "{0707D16D-6249-4002-8777-93D3F929F637}"
EndProject
Global
	GlobalSection(SolutionConfigurationPlatforms) = preSolution
		Debug|Any CPU = Debug|Any CPU
		Release|Any CPU = Release|Any CPU
	EndGlobalSection
	GlobalSection(ProjectConfigurationPlatforms) = postSolution
		{9A0B59EB-BFED-4B07-A3D0-637D5515F7E9}.Debug|Any CPU.ActiveCfg = Debug|Any CPU
		{9A0B59EB-BFED-4B07-A3D0-637D5515F7E9}.Debug|Any CPU.Build.0 = Debug|Any CPU
		{9A0B59EB-BFED-4B07-A3D0-637D5515F7E9}.Release|Any CPU.ActiveCfg = Release|Any CPU
		{9A0B59EB-BFED-4B07-A3D0-637D5515F7E9}.Release|Any CPU.Build.0 = Release|Any CPU
		{2A93FAEE-44A1-414B-A217-52D71EC94926}.Debug|Any CPU.ActiveCfg = Debug|Any CPU
		{2A93FAEE-44A1-414B-A217-52D71EC94926}.Debug|Any CPU.Build.0 = Debug|Any CPU
		{2A93FAEE-44A1-414B-A217-52D71EC94926}.Release|Any CPU.ActiveCfg = Release|Any CPU
		{2A93FAEE-44A1-414B-A217-52D71EC94926}.Release|Any CPU.Build.0 = Release|Any CPU
		{4B046CBC-8855-4499-8090-24B14668DA91}.Debug|Any CPU.ActiveCfg = Debug|Any CPU
		{4B046CBC-8855-4499-8090-24B14668DA91}.Debug|Any CPU.Build.0 = Debug|Any CPU
		{4B046CBC-8855-4499-8090-24B14668DA91}.Release|Any CPU.ActiveCfg = Release|Any CPU
		{4B046CBC-8855-4499-8090-24B14668DA91}.Release|Any CPU.Build.0 = Release|Any CPU
		{CCF0A018-6F60-46BC-A5CE-8C060347004B}.Debug|Any CPU.ActiveCfg = Debug|Any CPU
		{CCF0A018-6F60-46BC-A5CE-8C060347004B}.Debug|Any CPU.Build.0 = Debug|Any CPU
		{CCF0A018-6F60-46BC-A5CE-8C060347004B}.Release|Any CPU.ActiveCfg = Release|Any CPU
		{CCF0A018-6F60-46BC-A5CE-8C060347004B}.Release|Any CPU.Build.0 = Release|Any CPU
		{9AF6F4BB-7285-40EF-BE36-48F9F49C3B2B}.Debug|Any CPU.ActiveCfg = Debug|Any CPU
		{9AF6F4BB-7285-40EF-BE36-48F9F49C3B2B}.Debug|Any CPU.Build.0 = Debug|Any CPU
		{9AF6F4BB-7285-40EF-BE36-48F9F49C3B2B}.Release|Any CPU.ActiveCfg = Release|Any CPU
		{9AF6F4BB-7285-40EF-BE36-48F9F49C3B2B}.Release|Any CPU.Build.0 = Release|Any CPU
		{4173DCF9-EC64-4BD5-9034-97CA01AF11F1}.Debug|Any CPU.ActiveCfg = Debug|Any CPU
		{4173DCF9-EC64-4BD5-9034-97CA01AF11F1}.Debug|Any CPU.Build.0 = Debug|Any CPU
		{4173DCF9-EC64-4BD5-9034-97CA01AF11F1}.Release|Any CPU.ActiveCfg = Release|Any CPU
		{4173DCF9-EC64-4BD5-9034-97CA01AF11F1}.Release|Any CPU.Build.0 = Release|Any CPU
		{CB1A9DB9-BD70-4B58-B917-1BF33382E788}.Debug|Any CPU.ActiveCfg = Debug|Any CPU
		{CB1A9DB9-BD70-4B58-B917-1BF33382E788}.Debug|Any CPU.Build.0 = Debug|Any CPU
		{CB1A9DB9-BD70-4B58-B917-1BF33382E788}.Release|Any CPU.ActiveCfg = Release|Any CPU
		{CB1A9DB9-BD70-4B58-B917-1BF33382E788}.Release|Any CPU.Build.0 = Release|Any CPU
		{247EC76A-EA5D-4372-81D5-C37A273F1DDA}.Debug|Any CPU.ActiveCfg = Debug|Any CPU
		{247EC76A-EA5D-4372-81D5-C37A273F1DDA}.Debug|Any CPU.Build.0 = Debug|Any CPU
		{247EC76A-EA5D-4372-81D5-C37A273F1DDA}.Release|Any CPU.ActiveCfg = Release|Any CPU
		{247EC76A-EA5D-4372-81D5-C37A273F1DDA}.Release|Any CPU.Build.0 = Release|Any CPU
		{AA7C7B0B-E9B3-4431-8C74-0C0A6ECC5791}.Debug|Any CPU.ActiveCfg = Debug|Any CPU
		{AA7C7B0B-E9B3-4431-8C74-0C0A6ECC5791}.Debug|Any CPU.Build.0 = Debug|Any CPU
		{AA7C7B0B-E9B3-4431-8C74-0C0A6ECC5791}.Release|Any CPU.ActiveCfg = Release|Any CPU
		{AA7C7B0B-E9B3-4431-8C74-0C0A6ECC5791}.Release|Any CPU.Build.0 = Release|Any CPU
		{9A691D98-FED9-458B-9A49-13F12F18BBE1}.Debug|Any CPU.ActiveCfg = Debug|Any CPU
		{9A691D98-FED9-458B-9A49-13F12F18BBE1}.Debug|Any CPU.Build.0 = Debug|Any CPU
		{9A691D98-FED9-458B-9A49-13F12F18BBE1}.Release|Any CPU.ActiveCfg = Release|Any CPU
		{9A691D98-FED9-458B-9A49-13F12F18BBE1}.Release|Any CPU.Build.0 = Release|Any CPU
		{2A8296CD-8494-4F78-9F4D-7302BFAEBD6F}.Debug|Any CPU.ActiveCfg = Debug|Any CPU
		{2A8296CD-8494-4F78-9F4D-7302BFAEBD6F}.Debug|Any CPU.Build.0 = Debug|Any CPU
		{2A8296CD-8494-4F78-9F4D-7302BFAEBD6F}.Release|Any CPU.ActiveCfg = Release|Any CPU
		{2A8296CD-8494-4F78-9F4D-7302BFAEBD6F}.Release|Any CPU.Build.0 = Release|Any CPU
		{D08D016B-4271-46EF-8990-292AE9F3A142}.Debug|Any CPU.ActiveCfg = Debug|Any CPU
		{D08D016B-4271-46EF-8990-292AE9F3A142}.Debug|Any CPU.Build.0 = Debug|Any CPU
		{D08D016B-4271-46EF-8990-292AE9F3A142}.Release|Any CPU.ActiveCfg = Release|Any CPU
		{D08D016B-4271-46EF-8990-292AE9F3A142}.Release|Any CPU.Build.0 = Release|Any CPU
		{633C7B98-8F8E-43DD-8B5D-5CDD7CC056D2}.Debug|Any CPU.ActiveCfg = Debug|Any CPU
		{633C7B98-8F8E-43DD-8B5D-5CDD7CC056D2}.Debug|Any CPU.Build.0 = Debug|Any CPU
		{633C7B98-8F8E-43DD-8B5D-5CDD7CC056D2}.Release|Any CPU.ActiveCfg = Release|Any CPU
		{633C7B98-8F8E-43DD-8B5D-5CDD7CC056D2}.Release|Any CPU.Build.0 = Release|Any CPU
		{23C2C494-E621-4000-B074-BBB537F42304}.Debug|Any CPU.ActiveCfg = Debug|Any CPU
		{23C2C494-E621-4000-B074-BBB537F42304}.Debug|Any CPU.Build.0 = Debug|Any CPU
		{23C2C494-E621-4000-B074-BBB537F42304}.Release|Any CPU.ActiveCfg = Release|Any CPU
		{23C2C494-E621-4000-B074-BBB537F42304}.Release|Any CPU.Build.0 = Release|Any CPU
		{FD54CCCA-2405-4AF5-A2CB-BC04977B7272}.Debug|Any CPU.ActiveCfg = Debug|Any CPU
		{FD54CCCA-2405-4AF5-A2CB-BC04977B7272}.Debug|Any CPU.Build.0 = Debug|Any CPU
		{FD54CCCA-2405-4AF5-A2CB-BC04977B7272}.Release|Any CPU.ActiveCfg = Release|Any CPU
		{FD54CCCA-2405-4AF5-A2CB-BC04977B7272}.Release|Any CPU.Build.0 = Release|Any CPU
		{0707D16D-6249-4002-8777-93D3F929F637}.Debug|Any CPU.ActiveCfg = Debug|Any CPU
		{0707D16D-6249-4002-8777-93D3F929F637}.Debug|Any CPU.Build.0 = Debug|Any CPU
		{0707D16D-6249-4002-8777-93D3F929F637}.Release|Any CPU.ActiveCfg = Release|Any CPU
		{0707D16D-6249-4002-8777-93D3F929F637}.Release|Any CPU.Build.0 = Release|Any CPU
	EndGlobalSection
	GlobalSection(SolutionProperties) = preSolution
		HideSolutionNode = FALSE
	EndGlobalSection
	GlobalSection(NestedProjects) = preSolution
		{9A0B59EB-BFED-4B07-A3D0-637D5515F7E9} = {C342EDB0-7ECC-482B-99E0-1ACEA0BF70F5}
		{2A93FAEE-44A1-414B-A217-52D71EC94926} = {C342EDB0-7ECC-482B-99E0-1ACEA0BF70F5}
		{4B046CBC-8855-4499-8090-24B14668DA91} = {C342EDB0-7ECC-482B-99E0-1ACEA0BF70F5}
		{CCF0A018-6F60-46BC-A5CE-8C060347004B} = {C342EDB0-7ECC-482B-99E0-1ACEA0BF70F5}
		{9AF6F4BB-7285-40EF-BE36-48F9F49C3B2B} = {C342EDB0-7ECC-482B-99E0-1ACEA0BF70F5}
		{4173DCF9-EC64-4BD5-9034-97CA01AF11F1} = {639FAF04-DA78-4FE1-AA24-1AE63877B7B3}
		{CB1A9DB9-BD70-4B58-B917-1BF33382E788} = {C342EDB0-7ECC-482B-99E0-1ACEA0BF70F5}
		{247EC76A-EA5D-4372-81D5-C37A273F1DDA} = {C342EDB0-7ECC-482B-99E0-1ACEA0BF70F5}
		{AA7C7B0B-E9B3-4431-8C74-0C0A6ECC5791} = {C342EDB0-7ECC-482B-99E0-1ACEA0BF70F5}
		{9A691D98-FED9-458B-9A49-13F12F18BBE1} = {C342EDB0-7ECC-482B-99E0-1ACEA0BF70F5}
		{2A8296CD-8494-4F78-9F4D-7302BFAEBD6F} = {C342EDB0-7ECC-482B-99E0-1ACEA0BF70F5}
		{D08D016B-4271-46EF-8990-292AE9F3A142} = {C342EDB0-7ECC-482B-99E0-1ACEA0BF70F5}
		{23C2C494-E621-4000-B074-BBB537F42304} = {C342EDB0-7ECC-482B-99E0-1ACEA0BF70F5}
		{FD54CCCA-2405-4AF5-A2CB-BC04977B7272} = {C342EDB0-7ECC-482B-99E0-1ACEA0BF70F5}
		{0707D16D-6249-4002-8777-93D3F929F637} = {C342EDB0-7ECC-482B-99E0-1ACEA0BF70F5}
	EndGlobalSection
	GlobalSection(ExtensibilityGlobals) = postSolution
		SolutionGuid = {8E248185-0F7C-4CBE-A7AC-F8A7CB45AF00}
	EndGlobalSection
EndGlobal
