
Microsoft Visual Studio Solution File, Format Version 12.00
# Visual Studio Version 17
VisualStudioVersion = 17.4.33213.308
MinimumVisualStudioVersion = 10.0.40219.1
Project("{9A19103F-16F7-4668-BE54-9A1E7A4F7556}") = "SaolaProblem", "SaolaProblem\SaolaProblem.csproj", "{4173DCF9-EC64-4BD5-9034-97CA01AF11F1}"
EndProject
Project("{2150E333-8FDC-42A3-9474-1A3956D46DE8}") = "Random", "Random", "{639FAF04-DA78-4FE1-AA24-1AE63877B7B3}"
EndProject
Project("{9A19103F-16F7-4668-BE54-9A1E7A4F7556}") = "EulerLib", "EulerLib\EulerLib.csproj", "{633C7B98-8F8E-43DD-8B5D-5CDD7CC056D2}"
EndProject
Project("{2150E333-8FDC-42A3-9474-1A3956D46DE8}") = "001-099", "001-099", "{E6F676A9-BA33-48A8-BE9C-066ADF3DE67F}"
EndProject
Project("{9A19103F-16F7-4668-BE54-9A1E7A4F7556}") = "001", "001-099\001\001.csproj", "{80998887-2478-470D-A403-E002B4E81765}"
EndProject
Project("{9A19103F-16F7-4668-BE54-9A1E7A4F7556}") = "002", "001-099\002\002.csproj", "{3DBEDA84-CD63-4D31-9978-3AFA7991C210}"
EndProject
Project("{9A19103F-16F7-4668-BE54-9A1E7A4F7556}") = "003", "001-099\003\003.csproj", "{EF89559B-E9D0-451D-B29F-E4EA34B3BBBC}"
EndProject
Project("{9A19103F-16F7-4668-BE54-9A1E7A4F7556}") = "004", "001-099\004\004.csproj", "{F9D9F156-EA01-4A51-802B-F596146C3729}"
EndProject
Project("{9A19103F-16F7-4668-BE54-9A1E7A4F7556}") = "005", "001-099\005\005.csproj", "{0DC0D32C-E42F-42A2-9030-5EF43C60C496}"
EndProject
Project("{9A19103F-16F7-4668-BE54-9A1E7A4F7556}") = "006", "001-099\006\006.csproj", "{5672CCBF-69C6-4056-8A6E-3B181B777E32}"
EndProject
Project("{9A19103F-16F7-4668-BE54-9A1E7A4F7556}") = "007", "001-099\007\007.csproj", "{78932A6E-E0AD-49C6-B521-F4737F3EED6F}"
EndProject
Project("{9A19103F-16F7-4668-BE54-9A1E7A4F7556}") = "008", "001-099\008\008.csproj", "{2F6618B4-195B-4222-84E2-E94F3EAECFF8}"
EndProject
Project("{9A19103F-16F7-4668-BE54-9A1E7A4F7556}") = "008_alternate", "001-099\008_alternate\008_alternate.csproj", "{23C1C564-6A36-47F6-8A63-9DF332321770}"
EndProject
Project("{9A19103F-16F7-4668-BE54-9A1E7A4F7556}") = "009", "001-099\009\009.csproj", "{526E909B-BF91-402D-BF73-6A57A1E641CC}"
EndProject
Project("{9A19103F-16F7-4668-BE54-9A1E7A4F7556}") = "010", "001-099\010\010.csproj", "{FD2597C5-3A38-4DA2-B76F-475576027F21}"
EndProject
Project("{9A19103F-16F7-4668-BE54-9A1E7A4F7556}") = "011", "001-099\011\011.csproj", "{955EDA84-9BA9-49B7-AF39-03A0B36AF79B}"
EndProject
Project("{9A19103F-16F7-4668-BE54-9A1E7A4F7556}") = "012", "001-099\012\012.csproj", "{647CF656-8D8B-4CBA-846E-E95CB9270891}"
EndProject
Project("{9A19103F-16F7-4668-BE54-9A1E7A4F7556}") = "013", "001-099\013\013.csproj", "{09DDCD9F-AD47-4EE1-9B4B-F18BC816D63A}"
EndProject
Project("{9A19103F-16F7-4668-BE54-9A1E7A4F7556}") = "014", "001-099\014\014.csproj", "{4E000FF5-FDCD-46F3-9D0C-82952AB502FB}"
EndProject
Project("{9A19103F-16F7-4668-BE54-9A1E7A4F7556}") = "015", "001-099\015\015.csproj", "{E1A24691-6BCB-41B8-8122-2815A4969D05}"
EndProject
Project("{9A19103F-16F7-4668-BE54-9A1E7A4F7556}") = "016", "001-099\016\016.csproj", "{55150D6F-649F-4C59-A7B9-1AD5D9BB0BCB}"
EndProject
Project("{9A19103F-16F7-4668-BE54-9A1E7A4F7556}") = "017", "001-099\017\017.csproj", "{32511521-957A-42A5-8926-DE107B14A2ED}"
EndProject
Project("{9A19103F-16F7-4668-BE54-9A1E7A4F7556}") = "018", "001-099\018\018.csproj", "{5DACB0BE-F4BD-440C-9F2B-3D07A9D0A005}"
EndProject
Project("{9A19103F-16F7-4668-BE54-9A1E7A4F7556}") = "019", "001-099\019\019.csproj", "{D8C8A514-5B34-4F78-9050-A3F685BC59ED}"
EndProject
Project("{9A19103F-16F7-4668-BE54-9A1E7A4F7556}") = "020", "001-099\020\020.csproj", "{82850FFA-AC0F-4106-B6EB-E5D6DB6D4FA8}"
EndProject
Project("{9A19103F-16F7-4668-BE54-9A1E7A4F7556}") = "021", "001-099\021\021.csproj", "{2545863E-7A73-4F4A-AED1-309C63EE098A}"
EndProject
Project("{9A19103F-16F7-4668-BE54-9A1E7A4F7556}") = "022", "001-099\022\022.csproj", "{10F3DF3B-A73F-4AE2-99B8-6281BD27B4C5}"
EndProject
Project("{9A19103F-16F7-4668-BE54-9A1E7A4F7556}") = "023", "001-099\023\023.csproj", "{37C6E092-85A9-432F-AF3E-ACB5D788016D}"
EndProject
Project("{9A19103F-16F7-4668-BE54-9A1E7A4F7556}") = "024", "001-099\024\024.csproj", "{44370650-D923-49C0-8146-2A7F33FC1A3B}"
EndProject
Project("{9A19103F-16F7-4668-BE54-9A1E7A4F7556}") = "025", "001-099\025\025.csproj", "{3E2D788D-4F7E-4C56-B329-684661BA8C8C}"
EndProject
Project("{FAE04EC0-301F-11D3-BF4B-00C04F79EFBC}") = "032", "032\032.csproj", "{4934B7FD-F232-4929-9FB5-B99DB03A5EE9}"
EndProject
Global
	GlobalSection(SolutionConfigurationPlatforms) = preSolution
		Debug|Any CPU = Debug|Any CPU
		Release|Any CPU = Release|Any CPU
	EndGlobalSection
	GlobalSection(ProjectConfigurationPlatforms) = postSolution
		{4173DCF9-EC64-4BD5-9034-97CA01AF11F1}.Debug|Any CPU.ActiveCfg = Debug|Any CPU
		{4173DCF9-EC64-4BD5-9034-97CA01AF11F1}.Debug|Any CPU.Build.0 = Debug|Any CPU
		{4173DCF9-EC64-4BD5-9034-97CA01AF11F1}.Release|Any CPU.ActiveCfg = Release|Any CPU
		{4173DCF9-EC64-4BD5-9034-97CA01AF11F1}.Release|Any CPU.Build.0 = Release|Any CPU
		{633C7B98-8F8E-43DD-8B5D-5CDD7CC056D2}.Debug|Any CPU.ActiveCfg = Debug|Any CPU
		{633C7B98-8F8E-43DD-8B5D-5CDD7CC056D2}.Debug|Any CPU.Build.0 = Debug|Any CPU
		{633C7B98-8F8E-43DD-8B5D-5CDD7CC056D2}.Release|Any CPU.ActiveCfg = Release|Any CPU
		{633C7B98-8F8E-43DD-8B5D-5CDD7CC056D2}.Release|Any CPU.Build.0 = Release|Any CPU
		{80998887-2478-470D-A403-E002B4E81765}.Debug|Any CPU.ActiveCfg = Debug|Any CPU
		{80998887-2478-470D-A403-E002B4E81765}.Debug|Any CPU.Build.0 = Debug|Any CPU
		{80998887-2478-470D-A403-E002B4E81765}.Release|Any CPU.ActiveCfg = Release|Any CPU
		{80998887-2478-470D-A403-E002B4E81765}.Release|Any CPU.Build.0 = Release|Any CPU
		{3DBEDA84-CD63-4D31-9978-3AFA7991C210}.Debug|Any CPU.ActiveCfg = Debug|Any CPU
		{3DBEDA84-CD63-4D31-9978-3AFA7991C210}.Debug|Any CPU.Build.0 = Debug|Any CPU
		{3DBEDA84-CD63-4D31-9978-3AFA7991C210}.Release|Any CPU.ActiveCfg = Release|Any CPU
		{3DBEDA84-CD63-4D31-9978-3AFA7991C210}.Release|Any CPU.Build.0 = Release|Any CPU
		{EF89559B-E9D0-451D-B29F-E4EA34B3BBBC}.Debug|Any CPU.ActiveCfg = Debug|Any CPU
		{EF89559B-E9D0-451D-B29F-E4EA34B3BBBC}.Debug|Any CPU.Build.0 = Debug|Any CPU
		{EF89559B-E9D0-451D-B29F-E4EA34B3BBBC}.Release|Any CPU.ActiveCfg = Release|Any CPU
		{EF89559B-E9D0-451D-B29F-E4EA34B3BBBC}.Release|Any CPU.Build.0 = Release|Any CPU
		{F9D9F156-EA01-4A51-802B-F596146C3729}.Debug|Any CPU.ActiveCfg = Debug|Any CPU
		{F9D9F156-EA01-4A51-802B-F596146C3729}.Debug|Any CPU.Build.0 = Debug|Any CPU
		{F9D9F156-EA01-4A51-802B-F596146C3729}.Release|Any CPU.ActiveCfg = Release|Any CPU
		{F9D9F156-EA01-4A51-802B-F596146C3729}.Release|Any CPU.Build.0 = Release|Any CPU
		{0DC0D32C-E42F-42A2-9030-5EF43C60C496}.Debug|Any CPU.ActiveCfg = Debug|Any CPU
		{0DC0D32C-E42F-42A2-9030-5EF43C60C496}.Debug|Any CPU.Build.0 = Debug|Any CPU
		{0DC0D32C-E42F-42A2-9030-5EF43C60C496}.Release|Any CPU.ActiveCfg = Release|Any CPU
		{0DC0D32C-E42F-42A2-9030-5EF43C60C496}.Release|Any CPU.Build.0 = Release|Any CPU
		{5672CCBF-69C6-4056-8A6E-3B181B777E32}.Debug|Any CPU.ActiveCfg = Debug|Any CPU
		{5672CCBF-69C6-4056-8A6E-3B181B777E32}.Debug|Any CPU.Build.0 = Debug|Any CPU
		{5672CCBF-69C6-4056-8A6E-3B181B777E32}.Release|Any CPU.ActiveCfg = Release|Any CPU
		{5672CCBF-69C6-4056-8A6E-3B181B777E32}.Release|Any CPU.Build.0 = Release|Any CPU
		{78932A6E-E0AD-49C6-B521-F4737F3EED6F}.Debug|Any CPU.ActiveCfg = Debug|Any CPU
		{78932A6E-E0AD-49C6-B521-F4737F3EED6F}.Debug|Any CPU.Build.0 = Debug|Any CPU
		{78932A6E-E0AD-49C6-B521-F4737F3EED6F}.Release|Any CPU.ActiveCfg = Release|Any CPU
		{78932A6E-E0AD-49C6-B521-F4737F3EED6F}.Release|Any CPU.Build.0 = Release|Any CPU
		{2F6618B4-195B-4222-84E2-E94F3EAECFF8}.Debug|Any CPU.ActiveCfg = Debug|Any CPU
		{2F6618B4-195B-4222-84E2-E94F3EAECFF8}.Debug|Any CPU.Build.0 = Debug|Any CPU
		{2F6618B4-195B-4222-84E2-E94F3EAECFF8}.Release|Any CPU.ActiveCfg = Release|Any CPU
		{2F6618B4-195B-4222-84E2-E94F3EAECFF8}.Release|Any CPU.Build.0 = Release|Any CPU
		{23C1C564-6A36-47F6-8A63-9DF332321770}.Debug|Any CPU.ActiveCfg = Debug|Any CPU
		{23C1C564-6A36-47F6-8A63-9DF332321770}.Debug|Any CPU.Build.0 = Debug|Any CPU
		{23C1C564-6A36-47F6-8A63-9DF332321770}.Release|Any CPU.ActiveCfg = Release|Any CPU
		{23C1C564-6A36-47F6-8A63-9DF332321770}.Release|Any CPU.Build.0 = Release|Any CPU
		{526E909B-BF91-402D-BF73-6A57A1E641CC}.Debug|Any CPU.ActiveCfg = Debug|Any CPU
		{526E909B-BF91-402D-BF73-6A57A1E641CC}.Debug|Any CPU.Build.0 = Debug|Any CPU
		{526E909B-BF91-402D-BF73-6A57A1E641CC}.Release|Any CPU.ActiveCfg = Release|Any CPU
		{526E909B-BF91-402D-BF73-6A57A1E641CC}.Release|Any CPU.Build.0 = Release|Any CPU
		{FD2597C5-3A38-4DA2-B76F-475576027F21}.Debug|Any CPU.ActiveCfg = Debug|Any CPU
		{FD2597C5-3A38-4DA2-B76F-475576027F21}.Debug|Any CPU.Build.0 = Debug|Any CPU
		{FD2597C5-3A38-4DA2-B76F-475576027F21}.Release|Any CPU.ActiveCfg = Release|Any CPU
		{FD2597C5-3A38-4DA2-B76F-475576027F21}.Release|Any CPU.Build.0 = Release|Any CPU
		{955EDA84-9BA9-49B7-AF39-03A0B36AF79B}.Debug|Any CPU.ActiveCfg = Debug|Any CPU
		{955EDA84-9BA9-49B7-AF39-03A0B36AF79B}.Debug|Any CPU.Build.0 = Debug|Any CPU
		{955EDA84-9BA9-49B7-AF39-03A0B36AF79B}.Release|Any CPU.ActiveCfg = Release|Any CPU
		{955EDA84-9BA9-49B7-AF39-03A0B36AF79B}.Release|Any CPU.Build.0 = Release|Any CPU
		{647CF656-8D8B-4CBA-846E-E95CB9270891}.Debug|Any CPU.ActiveCfg = Debug|Any CPU
		{647CF656-8D8B-4CBA-846E-E95CB9270891}.Debug|Any CPU.Build.0 = Debug|Any CPU
		{647CF656-8D8B-4CBA-846E-E95CB9270891}.Release|Any CPU.ActiveCfg = Release|Any CPU
		{647CF656-8D8B-4CBA-846E-E95CB9270891}.Release|Any CPU.Build.0 = Release|Any CPU
		{09DDCD9F-AD47-4EE1-9B4B-F18BC816D63A}.Debug|Any CPU.ActiveCfg = Debug|Any CPU
		{09DDCD9F-AD47-4EE1-9B4B-F18BC816D63A}.Debug|Any CPU.Build.0 = Debug|Any CPU
		{09DDCD9F-AD47-4EE1-9B4B-F18BC816D63A}.Release|Any CPU.ActiveCfg = Release|Any CPU
		{09DDCD9F-AD47-4EE1-9B4B-F18BC816D63A}.Release|Any CPU.Build.0 = Release|Any CPU
		{4E000FF5-FDCD-46F3-9D0C-82952AB502FB}.Debug|Any CPU.ActiveCfg = Debug|Any CPU
		{4E000FF5-FDCD-46F3-9D0C-82952AB502FB}.Debug|Any CPU.Build.0 = Debug|Any CPU
		{4E000FF5-FDCD-46F3-9D0C-82952AB502FB}.Release|Any CPU.ActiveCfg = Release|Any CPU
		{4E000FF5-FDCD-46F3-9D0C-82952AB502FB}.Release|Any CPU.Build.0 = Release|Any CPU
		{E1A24691-6BCB-41B8-8122-2815A4969D05}.Debug|Any CPU.ActiveCfg = Debug|Any CPU
		{E1A24691-6BCB-41B8-8122-2815A4969D05}.Debug|Any CPU.Build.0 = Debug|Any CPU
		{E1A24691-6BCB-41B8-8122-2815A4969D05}.Release|Any CPU.ActiveCfg = Release|Any CPU
		{E1A24691-6BCB-41B8-8122-2815A4969D05}.Release|Any CPU.Build.0 = Release|Any CPU
		{55150D6F-649F-4C59-A7B9-1AD5D9BB0BCB}.Debug|Any CPU.ActiveCfg = Debug|Any CPU
		{55150D6F-649F-4C59-A7B9-1AD5D9BB0BCB}.Debug|Any CPU.Build.0 = Debug|Any CPU
		{55150D6F-649F-4C59-A7B9-1AD5D9BB0BCB}.Release|Any CPU.ActiveCfg = Release|Any CPU
		{55150D6F-649F-4C59-A7B9-1AD5D9BB0BCB}.Release|Any CPU.Build.0 = Release|Any CPU
		{32511521-957A-42A5-8926-DE107B14A2ED}.Debug|Any CPU.ActiveCfg = Debug|Any CPU
		{32511521-957A-42A5-8926-DE107B14A2ED}.Debug|Any CPU.Build.0 = Debug|Any CPU
		{32511521-957A-42A5-8926-DE107B14A2ED}.Release|Any CPU.ActiveCfg = Release|Any CPU
		{32511521-957A-42A5-8926-DE107B14A2ED}.Release|Any CPU.Build.0 = Release|Any CPU
		{5DACB0BE-F4BD-440C-9F2B-3D07A9D0A005}.Debug|Any CPU.ActiveCfg = Debug|Any CPU
		{5DACB0BE-F4BD-440C-9F2B-3D07A9D0A005}.Debug|Any CPU.Build.0 = Debug|Any CPU
		{5DACB0BE-F4BD-440C-9F2B-3D07A9D0A005}.Release|Any CPU.ActiveCfg = Release|Any CPU
		{5DACB0BE-F4BD-440C-9F2B-3D07A9D0A005}.Release|Any CPU.Build.0 = Release|Any CPU
		{D8C8A514-5B34-4F78-9050-A3F685BC59ED}.Debug|Any CPU.ActiveCfg = Debug|Any CPU
		{D8C8A514-5B34-4F78-9050-A3F685BC59ED}.Debug|Any CPU.Build.0 = Debug|Any CPU
		{D8C8A514-5B34-4F78-9050-A3F685BC59ED}.Release|Any CPU.ActiveCfg = Release|Any CPU
		{D8C8A514-5B34-4F78-9050-A3F685BC59ED}.Release|Any CPU.Build.0 = Release|Any CPU
		{82850FFA-AC0F-4106-B6EB-E5D6DB6D4FA8}.Debug|Any CPU.ActiveCfg = Debug|Any CPU
		{82850FFA-AC0F-4106-B6EB-E5D6DB6D4FA8}.Debug|Any CPU.Build.0 = Debug|Any CPU
		{82850FFA-AC0F-4106-B6EB-E5D6DB6D4FA8}.Release|Any CPU.ActiveCfg = Release|Any CPU
		{82850FFA-AC0F-4106-B6EB-E5D6DB6D4FA8}.Release|Any CPU.Build.0 = Release|Any CPU
		{2545863E-7A73-4F4A-AED1-309C63EE098A}.Debug|Any CPU.ActiveCfg = Debug|Any CPU
		{2545863E-7A73-4F4A-AED1-309C63EE098A}.Debug|Any CPU.Build.0 = Debug|Any CPU
		{2545863E-7A73-4F4A-AED1-309C63EE098A}.Release|Any CPU.ActiveCfg = Release|Any CPU
		{2545863E-7A73-4F4A-AED1-309C63EE098A}.Release|Any CPU.Build.0 = Release|Any CPU
		{10F3DF3B-A73F-4AE2-99B8-6281BD27B4C5}.Debug|Any CPU.ActiveCfg = Debug|Any CPU
		{10F3DF3B-A73F-4AE2-99B8-6281BD27B4C5}.Debug|Any CPU.Build.0 = Debug|Any CPU
		{10F3DF3B-A73F-4AE2-99B8-6281BD27B4C5}.Release|Any CPU.ActiveCfg = Release|Any CPU
		{10F3DF3B-A73F-4AE2-99B8-6281BD27B4C5}.Release|Any CPU.Build.0 = Release|Any CPU
		{37C6E092-85A9-432F-AF3E-ACB5D788016D}.Debug|Any CPU.ActiveCfg = Debug|Any CPU
		{37C6E092-85A9-432F-AF3E-ACB5D788016D}.Debug|Any CPU.Build.0 = Debug|Any CPU
		{37C6E092-85A9-432F-AF3E-ACB5D788016D}.Release|Any CPU.ActiveCfg = Release|Any CPU
		{37C6E092-85A9-432F-AF3E-ACB5D788016D}.Release|Any CPU.Build.0 = Release|Any CPU
		{44370650-D923-49C0-8146-2A7F33FC1A3B}.Debug|Any CPU.ActiveCfg = Debug|Any CPU
		{44370650-D923-49C0-8146-2A7F33FC1A3B}.Debug|Any CPU.Build.0 = Debug|Any CPU
		{44370650-D923-49C0-8146-2A7F33FC1A3B}.Release|Any CPU.ActiveCfg = Release|Any CPU
		{44370650-D923-49C0-8146-2A7F33FC1A3B}.Release|Any CPU.Build.0 = Release|Any CPU
		{3E2D788D-4F7E-4C56-B329-684661BA8C8C}.Debug|Any CPU.ActiveCfg = Debug|Any CPU
		{3E2D788D-4F7E-4C56-B329-684661BA8C8C}.Debug|Any CPU.Build.0 = Debug|Any CPU
		{3E2D788D-4F7E-4C56-B329-684661BA8C8C}.Release|Any CPU.ActiveCfg = Release|Any CPU
		{3E2D788D-4F7E-4C56-B329-684661BA8C8C}.Release|Any CPU.Build.0 = Release|Any CPU
		{4934B7FD-F232-4929-9FB5-B99DB03A5EE9}.Debug|Any CPU.ActiveCfg = Debug|Any CPU
		{4934B7FD-F232-4929-9FB5-B99DB03A5EE9}.Debug|Any CPU.Build.0 = Debug|Any CPU
		{4934B7FD-F232-4929-9FB5-B99DB03A5EE9}.Release|Any CPU.ActiveCfg = Release|Any CPU
		{4934B7FD-F232-4929-9FB5-B99DB03A5EE9}.Release|Any CPU.Build.0 = Release|Any CPU
	EndGlobalSection
	GlobalSection(SolutionProperties) = preSolution
		HideSolutionNode = FALSE
	EndGlobalSection
	GlobalSection(NestedProjects) = preSolution
		{4173DCF9-EC64-4BD5-9034-97CA01AF11F1} = {639FAF04-DA78-4FE1-AA24-1AE63877B7B3}
		{80998887-2478-470D-A403-E002B4E81765} = {E6F676A9-BA33-48A8-BE9C-066ADF3DE67F}
		{3DBEDA84-CD63-4D31-9978-3AFA7991C210} = {E6F676A9-BA33-48A8-BE9C-066ADF3DE67F}
		{EF89559B-E9D0-451D-B29F-E4EA34B3BBBC} = {E6F676A9-BA33-48A8-BE9C-066ADF3DE67F}
		{F9D9F156-EA01-4A51-802B-F596146C3729} = {E6F676A9-BA33-48A8-BE9C-066ADF3DE67F}
		{0DC0D32C-E42F-42A2-9030-5EF43C60C496} = {E6F676A9-BA33-48A8-BE9C-066ADF3DE67F}
		{5672CCBF-69C6-4056-8A6E-3B181B777E32} = {E6F676A9-BA33-48A8-BE9C-066ADF3DE67F}
		{78932A6E-E0AD-49C6-B521-F4737F3EED6F} = {E6F676A9-BA33-48A8-BE9C-066ADF3DE67F}
		{2F6618B4-195B-4222-84E2-E94F3EAECFF8} = {E6F676A9-BA33-48A8-BE9C-066ADF3DE67F}
		{23C1C564-6A36-47F6-8A63-9DF332321770} = {E6F676A9-BA33-48A8-BE9C-066ADF3DE67F}
		{526E909B-BF91-402D-BF73-6A57A1E641CC} = {E6F676A9-BA33-48A8-BE9C-066ADF3DE67F}
		{FD2597C5-3A38-4DA2-B76F-475576027F21} = {E6F676A9-BA33-48A8-BE9C-066ADF3DE67F}
		{955EDA84-9BA9-49B7-AF39-03A0B36AF79B} = {E6F676A9-BA33-48A8-BE9C-066ADF3DE67F}
		{647CF656-8D8B-4CBA-846E-E95CB9270891} = {E6F676A9-BA33-48A8-BE9C-066ADF3DE67F}
		{09DDCD9F-AD47-4EE1-9B4B-F18BC816D63A} = {E6F676A9-BA33-48A8-BE9C-066ADF3DE67F}
		{4E000FF5-FDCD-46F3-9D0C-82952AB502FB} = {E6F676A9-BA33-48A8-BE9C-066ADF3DE67F}
		{E1A24691-6BCB-41B8-8122-2815A4969D05} = {E6F676A9-BA33-48A8-BE9C-066ADF3DE67F}
		{55150D6F-649F-4C59-A7B9-1AD5D9BB0BCB} = {E6F676A9-BA33-48A8-BE9C-066ADF3DE67F}
		{32511521-957A-42A5-8926-DE107B14A2ED} = {E6F676A9-BA33-48A8-BE9C-066ADF3DE67F}
		{5DACB0BE-F4BD-440C-9F2B-3D07A9D0A005} = {E6F676A9-BA33-48A8-BE9C-066ADF3DE67F}
		{D8C8A514-5B34-4F78-9050-A3F685BC59ED} = {E6F676A9-BA33-48A8-BE9C-066ADF3DE67F}
		{82850FFA-AC0F-4106-B6EB-E5D6DB6D4FA8} = {E6F676A9-BA33-48A8-BE9C-066ADF3DE67F}
		{2545863E-7A73-4F4A-AED1-309C63EE098A} = {E6F676A9-BA33-48A8-BE9C-066ADF3DE67F}
		{10F3DF3B-A73F-4AE2-99B8-6281BD27B4C5} = {E6F676A9-BA33-48A8-BE9C-066ADF3DE67F}
		{37C6E092-85A9-432F-AF3E-ACB5D788016D} = {E6F676A9-BA33-48A8-BE9C-066ADF3DE67F}
		{44370650-D923-49C0-8146-2A7F33FC1A3B} = {E6F676A9-BA33-48A8-BE9C-066ADF3DE67F}
		{3E2D788D-4F7E-4C56-B329-684661BA8C8C} = {E6F676A9-BA33-48A8-BE9C-066ADF3DE67F}
		{4934B7FD-F232-4929-9FB5-B99DB03A5EE9} = {E6F676A9-BA33-48A8-BE9C-066ADF3DE67F}
	EndGlobalSection
	GlobalSection(ExtensibilityGlobals) = postSolution
		SolutionGuid = {8E248185-0F7C-4CBE-A7AC-F8A7CB45AF00}
	EndGlobalSection
EndGlobal
